
Microsoft Visual Studio Solution File, Format Version 12.00
# Visual Studio Version 17
VisualStudioVersion = 17.4.33213.308
MinimumVisualStudioVersion = 10.0.40219.1
Project("{FAE04EC0-301F-11D3-BF4B-00C04F79EFBC}") = "OBDErrorErase", "OBDErrorErase.csproj", "{11E635F4-9C4A-4FAE-A98F-A426359A919D}"
EndProject
Global
	GlobalSection(SolutionConfigurationPlatforms) = preSolution
		Debug|Any CPU = Debug|Any CPU
		Release|Any CPU = Release|Any CPU
	EndGlobalSection
	GlobalSection(ProjectConfigurationPlatforms) = postSolution
		{11E635F4-9C4A-4FAE-A98F-A426359A919D}.Debug|Any CPU.ActiveCfg = Debug|Any CPU
		{11E635F4-9C4A-4FAE-A98F-A426359A919D}.Debug|Any CPU.Build.0 = Debug|Any CPU
		{11E635F4-9C4A-4FAE-A98F-A426359A919D}.Release|Any CPU.ActiveCfg = Release|Any CPU
		{11E635F4-9C4A-4FAE-A98F-A426359A919D}.Release|Any CPU.Build.0 = Release|Any CPU
	EndGlobalSection
	GlobalSection(SolutionProperties) = preSolution
		HideSolutionNode = FALSE
	EndGlobalSection
	GlobalSection(ExtensibilityGlobals) = postSolution
		SolutionGuid = {544FD321-64D4-4845-8C31-FC008B862740}
	EndGlobalSection
EndGlobal
